
Microsoft Visual Studio Solution File, Format Version 12.00
# Visual Studio Version 17
VisualStudioVersion = 17.4.33213.308
MinimumVisualStudioVersion = 10.0.40219.1
Project("{9A19103F-16F7-4668-BE54-9A1E7A4F7556}") = "ConsoleApp1", "ConsoleApp1\ConsoleApp1.csproj", "{97409636-BF1A-4436-9CDD-A141DB6FCB37}"
EndProject
Project("{9A19103F-16F7-4668-BE54-9A1E7A4F7556}") = "test", "test\test.csproj", "{F99B905B-1C53-4389-B3A1-2772324717F9}"
EndProject
Project("{FAE04EC0-301F-11D3-BF4B-00C04F79EFBC}") = "test2", "test2\test2.csproj", "{5D51B873-D1CE-4A4C-96C4-59A919026994}"
EndProject
Global
	GlobalSection(SolutionConfigurationPlatforms) = preSolution
		Debug|Any CPU = Debug|Any CPU
		Release|Any CPU = Release|Any CPU
	EndGlobalSection
	GlobalSection(ProjectConfigurationPlatforms) = postSolution
		{97409636-BF1A-4436-9CDD-A141DB6FCB37}.Debug|Any CPU.ActiveCfg = Debug|Any CPU
		{97409636-BF1A-4436-9CDD-A141DB6FCB37}.Debug|Any CPU.Build.0 = Debug|Any CPU
		{97409636-BF1A-4436-9CDD-A141DB6FCB37}.Release|Any CPU.ActiveCfg = Release|Any CPU
		{97409636-BF1A-4436-9CDD-A141DB6FCB37}.Release|Any CPU.Build.0 = Release|Any CPU
		{F99B905B-1C53-4389-B3A1-2772324717F9}.Debug|Any CPU.ActiveCfg = Debug|Any CPU
		{F99B905B-1C53-4389-B3A1-2772324717F9}.Debug|Any CPU.Build.0 = Debug|Any CPU
		{F99B905B-1C53-4389-B3A1-2772324717F9}.Release|Any CPU.ActiveCfg = Release|Any CPU
		{F99B905B-1C53-4389-B3A1-2772324717F9}.Release|Any CPU.Build.0 = Release|Any CPU
		{5D51B873-D1CE-4A4C-96C4-59A919026994}.Debug|Any CPU.ActiveCfg = Debug|Any CPU
		{5D51B873-D1CE-4A4C-96C4-59A919026994}.Debug|Any CPU.Build.0 = Debug|Any CPU
		{5D51B873-D1CE-4A4C-96C4-59A919026994}.Release|Any CPU.ActiveCfg = Release|Any CPU
		{5D51B873-D1CE-4A4C-96C4-59A919026994}.Release|Any CPU.Build.0 = Release|Any CPU
	EndGlobalSection
	GlobalSection(SolutionProperties) = preSolution
		HideSolutionNode = FALSE
	EndGlobalSection
	GlobalSection(ExtensibilityGlobals) = postSolution
		SolutionGuid = {72280AEB-A1C9-499B-8F52-EBDFFD7E79BD}
	EndGlobalSection
EndGlobal
